// !$*UTF8*$!
{
	archiveVersion = 1;
	classes = {
	};
	objectVersion = 51;
	objects = {

/* Begin PBXBuildFile section */
		52215D9424749890008C0655 /* FacebookManger.swift in Sources */ = {isa = PBXBuildFile; fileRef = 52215D9324749890008C0655 /* FacebookManger.swift */; };
		523AFEBC244DF4C600AB8639 /* RoomsRouter.swift in Sources */ = {isa = PBXBuildFile; fileRef = 523AFEBB244DF4C600AB8639 /* RoomsRouter.swift */; };
		523AFEBE244DF4D800AB8639 /* RoomsRequest.swift in Sources */ = {isa = PBXBuildFile; fileRef = 523AFEBD244DF4D800AB8639 /* RoomsRequest.swift */; };
		523D79B2248D39B00074ECDC /* CheckingPresenter.swift in Sources */ = {isa = PBXBuildFile; fileRef = 523D79B1248D39B00074ECDC /* CheckingPresenter.swift */; };
		523D79B5248D4CA00074ECDC /* SignUpPresenter.swift in Sources */ = {isa = PBXBuildFile; fileRef = 523D79B4248D4CA00074ECDC /* SignUpPresenter.swift */; };
		523D79B8248D5CF50074ECDC /* SignInPresesnter.swift in Sources */ = {isa = PBXBuildFile; fileRef = 523D79B7248D5CF50074ECDC /* SignInPresesnter.swift */; };
		523D79BB248D65460074ECDC /* AddRoomPresenter.swift in Sources */ = {isa = PBXBuildFile; fileRef = 523D79BA248D65460074ECDC /* AddRoomPresenter.swift */; };
		523D79BE248D69170074ECDC /* DetailedRoomPresenter.swift in Sources */ = {isa = PBXBuildFile; fileRef = 523D79BD248D69170074ECDC /* DetailedRoomPresenter.swift */; };
		523D79C1248D71070074ECDC /* FeatchRoomsPresenter.swift in Sources */ = {isa = PBXBuildFile; fileRef = 523D79C0248D71070074ECDC /* FeatchRoomsPresenter.swift */; };
		52534448246B60F30009411B /* KeyChain.swift in Sources */ = {isa = PBXBuildFile; fileRef = 52534447246B60F30009411B /* KeyChain.swift */; };
		527D12BE244E375B005A46EB /* RealmManager.swift in Sources */ = {isa = PBXBuildFile; fileRef = 527D12BD244E375B005A46EB /* RealmManager.swift */; };
		527D12C0244E433D005A46EB /* MyCustom+Extintions.swift in Sources */ = {isa = PBXBuildFile; fileRef = 527D12BF244E433D005A46EB /* MyCustom+Extintions.swift */; };
		527F6C0724193AAD0023F0C3 /* AppDelegate.swift in Sources */ = {isa = PBXBuildFile; fileRef = 527F6C0624193AAD0023F0C3 /* AppDelegate.swift */; };
		527F6C0924193AAD0023F0C3 /* SceneDelegate.swift in Sources */ = {isa = PBXBuildFile; fileRef = 527F6C0824193AAD0023F0C3 /* SceneDelegate.swift */; };
		527F6C0B24193AAD0023F0C3 /* FeatchRoomsVC.swift in Sources */ = {isa = PBXBuildFile; fileRef = 527F6C0A24193AAD0023F0C3 /* FeatchRoomsVC.swift */; };
		527F6C1024193AAE0023F0C3 /* Assets.xcassets in Resources */ = {isa = PBXBuildFile; fileRef = 527F6C0F24193AAE0023F0C3 /* Assets.xcassets */; };
		527F6C1324193AAE0023F0C3 /* LaunchScreen.storyboard in Resources */ = {isa = PBXBuildFile; fileRef = 527F6C1124193AAE0023F0C3 /* LaunchScreen.storyboard */; };
		5295E53724389795003F9C24 /* SignInVC.swift in Sources */ = {isa = PBXBuildFile; fileRef = 5295E53624389795003F9C24 /* SignInVC.swift */; };
		5295E5392438E973003F9C24 /* SignUpVC.swift in Sources */ = {isa = PBXBuildFile; fileRef = 5295E5382438E973003F9C24 /* SignUpVC.swift */; };
		52B9D8BD244F6B1F00F2E553 /* RoomCell.swift in Sources */ = {isa = PBXBuildFile; fileRef = 52B9D8BC244F6B1F00F2E553 /* RoomCell.swift */; };
		52B9D8BF244F802B00F2E553 /* Main.storyboard in Resources */ = {isa = PBXBuildFile; fileRef = 52B9D8BE244F802B00F2E553 /* Main.storyboard */; };
		52DC6107244E02CA00AC6833 /* Room.swift in Sources */ = {isa = PBXBuildFile; fileRef = 52DC6106244E02CA00AC6833 /* Room.swift */; };
		52DCEA572451FF30002F429C /* CheckingVC.swift in Sources */ = {isa = PBXBuildFile; fileRef = 52DCEA562451FF30002F429C /* CheckingVC.swift */; };
		52DCEA59245217E3002F429C /* AddRoomVC.swift in Sources */ = {isa = PBXBuildFile; fileRef = 52DCEA58245217E3002F429C /* AddRoomVC.swift */; };
		52DCEA5B24522639002F429C /* DetailedRoom.swift in Sources */ = {isa = PBXBuildFile; fileRef = 52DCEA5A24522639002F429C /* DetailedRoom.swift */; };
		B764EF7BC3F69C28DC97A0A7 /* Pods_Roomy.framework in Frameworks */ = {isa = PBXBuildFile; fileRef = A8E83C68C570A600C9FB32D3 /* Pods_Roomy.framework */; };
/* End PBXBuildFile section */

/* Begin PBXFileReference section */
		52215D9324749890008C0655 /* FacebookManger.swift */ = {isa = PBXFileReference; lastKnownFileType = sourcecode.swift; path = FacebookManger.swift; sourceTree = "<group>"; };
		523AFEBB244DF4C600AB8639 /* RoomsRouter.swift */ = {isa = PBXFileReference; lastKnownFileType = sourcecode.swift; path = RoomsRouter.swift; sourceTree = "<group>"; };
		523AFEBD244DF4D800AB8639 /* RoomsRequest.swift */ = {isa = PBXFileReference; lastKnownFileType = sourcecode.swift; path = RoomsRequest.swift; sourceTree = "<group>"; };
		523D79B1248D39B00074ECDC /* CheckingPresenter.swift */ = {isa = PBXFileReference; lastKnownFileType = sourcecode.swift; path = CheckingPresenter.swift; sourceTree = "<group>"; };
		523D79B4248D4CA00074ECDC /* SignUpPresenter.swift */ = {isa = PBXFileReference; lastKnownFileType = sourcecode.swift; path = SignUpPresenter.swift; sourceTree = "<group>"; };
		523D79B7248D5CF50074ECDC /* SignInPresesnter.swift */ = {isa = PBXFileReference; lastKnownFileType = sourcecode.swift; path = SignInPresesnter.swift; sourceTree = "<group>"; };
		523D79BA248D65460074ECDC /* AddRoomPresenter.swift */ = {isa = PBXFileReference; lastKnownFileType = sourcecode.swift; path = AddRoomPresenter.swift; sourceTree = "<group>"; };
		523D79BD248D69170074ECDC /* DetailedRoomPresenter.swift */ = {isa = PBXFileReference; lastKnownFileType = sourcecode.swift; path = DetailedRoomPresenter.swift; sourceTree = "<group>"; };
		523D79C0248D71070074ECDC /* FeatchRoomsPresenter.swift */ = {isa = PBXFileReference; lastKnownFileType = sourcecode.swift; path = FeatchRoomsPresenter.swift; sourceTree = "<group>"; };
		52534447246B60F30009411B /* KeyChain.swift */ = {isa = PBXFileReference; lastKnownFileType = sourcecode.swift; path = KeyChain.swift; sourceTree = "<group>"; };
		527D12BD244E375B005A46EB /* RealmManager.swift */ = {isa = PBXFileReference; lastKnownFileType = sourcecode.swift; path = RealmManager.swift; sourceTree = "<group>"; };
		527D12BF244E433D005A46EB /* MyCustom+Extintions.swift */ = {isa = PBXFileReference; lastKnownFileType = sourcecode.swift; path = "MyCustom+Extintions.swift"; sourceTree = "<group>"; };
		527F6C0324193AAD0023F0C3 /* Roomy.app */ = {isa = PBXFileReference; explicitFileType = wrapper.application; includeInIndex = 0; path = Roomy.app; sourceTree = BUILT_PRODUCTS_DIR; };
		527F6C0624193AAD0023F0C3 /* AppDelegate.swift */ = {isa = PBXFileReference; lastKnownFileType = sourcecode.swift; path = AppDelegate.swift; sourceTree = "<group>"; };
		527F6C0824193AAD0023F0C3 /* SceneDelegate.swift */ = {isa = PBXFileReference; lastKnownFileType = sourcecode.swift; path = SceneDelegate.swift; sourceTree = "<group>"; };
		527F6C0A24193AAD0023F0C3 /* FeatchRoomsVC.swift */ = {isa = PBXFileReference; lastKnownFileType = sourcecode.swift; path = FeatchRoomsVC.swift; sourceTree = "<group>"; };
		527F6C0F24193AAE0023F0C3 /* Assets.xcassets */ = {isa = PBXFileReference; lastKnownFileType = folder.assetcatalog; path = Assets.xcassets; sourceTree = "<group>"; };
		527F6C1224193AAE0023F0C3 /* Base */ = {isa = PBXFileReference; lastKnownFileType = file.storyboard; name = Base; path = Base.lproj/LaunchScreen.storyboard; sourceTree = "<group>"; };
		527F6C1424193AAE0023F0C3 /* Info.plist */ = {isa = PBXFileReference; lastKnownFileType = text.plist.xml; path = Info.plist; sourceTree = "<group>"; };
		5295E53624389795003F9C24 /* SignInVC.swift */ = {isa = PBXFileReference; lastKnownFileType = sourcecode.swift; path = SignInVC.swift; sourceTree = "<group>"; };
		5295E5382438E973003F9C24 /* SignUpVC.swift */ = {isa = PBXFileReference; lastKnownFileType = sourcecode.swift; path = SignUpVC.swift; sourceTree = "<group>"; };
		52B9D8BC244F6B1F00F2E553 /* RoomCell.swift */ = {isa = PBXFileReference; lastKnownFileType = sourcecode.swift; path = RoomCell.swift; sourceTree = "<group>"; };
		52B9D8BE244F802B00F2E553 /* Main.storyboard */ = {isa = PBXFileReference; fileEncoding = 4; lastKnownFileType = file.storyboard; path = Main.storyboard; sourceTree = "<group>"; };
		52DC6106244E02CA00AC6833 /* Room.swift */ = {isa = PBXFileReference; lastKnownFileType = sourcecode.swift; path = Room.swift; sourceTree = "<group>"; };
		52DCEA562451FF30002F429C /* CheckingVC.swift */ = {isa = PBXFileReference; lastKnownFileType = sourcecode.swift; path = CheckingVC.swift; sourceTree = "<group>"; };
		52DCEA58245217E3002F429C /* AddRoomVC.swift */ = {isa = PBXFileReference; lastKnownFileType = sourcecode.swift; path = AddRoomVC.swift; sourceTree = "<group>"; };
		52DCEA5A24522639002F429C /* DetailedRoom.swift */ = {isa = PBXFileReference; lastKnownFileType = sourcecode.swift; path = DetailedRoom.swift; sourceTree = "<group>"; };
		8B83B2FE7A7F497A8C415FEF /* Pods-Roomy.debug.xcconfig */ = {isa = PBXFileReference; includeInIndex = 1; lastKnownFileType = text.xcconfig; name = "Pods-Roomy.debug.xcconfig"; path = "Target Support Files/Pods-Roomy/Pods-Roomy.debug.xcconfig"; sourceTree = "<group>"; };
		8D0891B5011093A46BF971E2 /* Pods-Roomy.release.xcconfig */ = {isa = PBXFileReference; includeInIndex = 1; lastKnownFileType = text.xcconfig; name = "Pods-Roomy.release.xcconfig"; path = "Target Support Files/Pods-Roomy/Pods-Roomy.release.xcconfig"; sourceTree = "<group>"; };
		A8E83C68C570A600C9FB32D3 /* Pods_Roomy.framework */ = {isa = PBXFileReference; explicitFileType = wrapper.framework; includeInIndex = 0; path = Pods_Roomy.framework; sourceTree = BUILT_PRODUCTS_DIR; };
/* End PBXFileReference section */

/* Begin PBXFrameworksBuildPhase section */
		527F6C0024193AAD0023F0C3 /* Frameworks */ = {
			isa = PBXFrameworksBuildPhase;
			buildActionMask = 2147483647;
			files = (
				B764EF7BC3F69C28DC97A0A7 /* Pods_Roomy.framework in Frameworks */,
			);
			runOnlyForDeploymentPostprocessing = 0;
		};
/* End PBXFrameworksBuildPhase section */

/* Begin PBXGroup section */
		523AFEBA244DF49B00AB8639 /* Network */ = {
			isa = PBXGroup;
			children = (
				523AFEBD244DF4D800AB8639 /* RoomsRequest.swift */,
				523AFEBB244DF4C600AB8639 /* RoomsRouter.swift */,
			);
			path = Network;
			sourceTree = "<group>";
		};
		523D79B0248D39890074ECDC /* Checking */ = {
			isa = PBXGroup;
			children = (
				52DCEA562451FF30002F429C /* CheckingVC.swift */,
				523D79B1248D39B00074ECDC /* CheckingPresenter.swift */,
			);
			path = Checking;
			sourceTree = "<group>";
		};
		523D79B3248D4C260074ECDC /* Sign Up */ = {
			isa = PBXGroup;
			children = (
				5295E5382438E973003F9C24 /* SignUpVC.swift */,
				523D79B4248D4CA00074ECDC /* SignUpPresenter.swift */,
			);
			path = "Sign Up";
			sourceTree = "<group>";
		};
		523D79B6248D5CD40074ECDC /* Sign In */ = {
			isa = PBXGroup;
			children = (
				5295E53624389795003F9C24 /* SignInVC.swift */,
				523D79B7248D5CF50074ECDC /* SignInPresesnter.swift */,
			);
			path = "Sign In";
			sourceTree = "<group>";
		};
		523D79B9248D652B0074ECDC /* Add Room */ = {
			isa = PBXGroup;
			children = (
				52DCEA58245217E3002F429C /* AddRoomVC.swift */,
				523D79BA248D65460074ECDC /* AddRoomPresenter.swift */,
			);
			path = "Add Room";
			sourceTree = "<group>";
		};
		523D79BC248D68D80074ECDC /* Detailed Room */ = {
			isa = PBXGroup;
			children = (
				52DCEA5A24522639002F429C /* DetailedRoom.swift */,
				523D79BD248D69170074ECDC /* DetailedRoomPresenter.swift */,
			);
			path = "Detailed Room";
			sourceTree = "<group>";
		};
		523D79BF248D70DD0074ECDC /* Featch Rooms */ = {
			isa = PBXGroup;
			children = (
				527F6C0A24193AAD0023F0C3 /* FeatchRoomsVC.swift */,
				523D79C0248D71070074ECDC /* FeatchRoomsPresenter.swift */,
			);
			path = "Featch Rooms";
			sourceTree = "<group>";
		};
		52534446246B60C00009411B /* Utilities */ = {
			isa = PBXGroup;
			children = (
				52534447246B60F30009411B /* KeyChain.swift */,
				52215D9324749890008C0655 /* FacebookManger.swift */,
			);
			path = Utilities;
			sourceTree = "<group>";
		};
		527D12BC244E3722005A46EB /* DatabaseLayer */ = {
			isa = PBXGroup;
			children = (
				527D12BD244E375B005A46EB /* RealmManager.swift */,
			);
			path = DatabaseLayer;
			sourceTree = "<group>";
		};
		527F6BFA24193AAD0023F0C3 = {
			isa = PBXGroup;
			children = (
				527F6C0524193AAD0023F0C3 /* Roomy */,
				527F6C0424193AAD0023F0C3 /* Products */,
				EE885A6B17ECBAA9562C28A1 /* Pods */,
				EED0997D7C608BD9A7E48175 /* Frameworks */,
			);
			sourceTree = "<group>";
		};
		527F6C0424193AAD0023F0C3 /* Products */ = {
			isa = PBXGroup;
			children = (
				527F6C0324193AAD0023F0C3 /* Roomy.app */,
			);
			name = Products;
			sourceTree = "<group>";
		};
		527F6C0524193AAD0023F0C3 /* Roomy */ = {
			isa = PBXGroup;
			children = (
				52534446246B60C00009411B /* Utilities */,
				527D12BC244E3722005A46EB /* DatabaseLayer */,
				523AFEBA244DF49B00AB8639 /* Network */,
				52FC842E243A2BCF00638C46 /* Model */,
				52F44BF6244913F2003EE6C5 /* View */,
				52F44BF7244913FD003EE6C5 /* Controller */,
				527F6C0624193AAD0023F0C3 /* AppDelegate.swift */,
				527F6C0824193AAD0023F0C3 /* SceneDelegate.swift */,
				527F6C0F24193AAE0023F0C3 /* Assets.xcassets */,
				52B9D8BE244F802B00F2E553 /* Main.storyboard */,
				527F6C1124193AAE0023F0C3 /* LaunchScreen.storyboard */,
				527F6C1424193AAE0023F0C3 /* Info.plist */,
			);
			path = Roomy;
			sourceTree = "<group>";
		};
		52F44BF6244913F2003EE6C5 /* View */ = {
			isa = PBXGroup;
			children = (
				527D12BF244E433D005A46EB /* MyCustom+Extintions.swift */,
				52B9D8BC244F6B1F00F2E553 /* RoomCell.swift */,
			);
			path = View;
			sourceTree = "<group>";
		};
		52F44BF7244913FD003EE6C5 /* Controller */ = {
			isa = PBXGroup;
			children = (
				523D79B0248D39890074ECDC /* Checking */,
				523D79B3248D4C260074ECDC /* Sign Up */,
				523D79B6248D5CD40074ECDC /* Sign In */,
				523D79BF248D70DD0074ECDC /* Featch Rooms */,
				523D79B9248D652B0074ECDC /* Add Room */,
				523D79BC248D68D80074ECDC /* Detailed Room */,
			);
			path = Controller;
			sourceTree = "<group>";
		};
		52FC842E243A2BCF00638C46 /* Model */ = {
			isa = PBXGroup;
			children = (
				52DC6106244E02CA00AC6833 /* Room.swift */,
			);
			path = Model;
			sourceTree = "<group>";
		};
		EE885A6B17ECBAA9562C28A1 /* Pods */ = {
			isa = PBXGroup;
			children = (
				8B83B2FE7A7F497A8C415FEF /* Pods-Roomy.debug.xcconfig */,
				8D0891B5011093A46BF971E2 /* Pods-Roomy.release.xcconfig */,
			);
			path = Pods;
			sourceTree = "<group>";
		};
		EED0997D7C608BD9A7E48175 /* Frameworks */ = {
			isa = PBXGroup;
			children = (
				A8E83C68C570A600C9FB32D3 /* Pods_Roomy.framework */,
			);
			name = Frameworks;
			sourceTree = "<group>";
		};
/* End PBXGroup section */

/* Begin PBXNativeTarget section */
		527F6C0224193AAD0023F0C3 /* Roomy */ = {
			isa = PBXNativeTarget;
			buildConfigurationList = 527F6C1724193AAE0023F0C3 /* Build configuration list for PBXNativeTarget "Roomy" */;
			buildPhases = (
				A29A6CD752B333B614363639 /* [CP] Check Pods Manifest.lock */,
				527F6BFF24193AAD0023F0C3 /* Sources */,
				527F6C0024193AAD0023F0C3 /* Frameworks */,
				527F6C0124193AAD0023F0C3 /* Resources */,
				66D9EA76668D374274A69A65 /* [CP] Embed Pods Frameworks */,
			);
			buildRules = (
			);
			dependencies = (
			);
			name = Roomy;
			productName = Roomy;
			productReference = 527F6C0324193AAD0023F0C3 /* Roomy.app */;
			productType = "com.apple.product-type.application";
		};
/* End PBXNativeTarget section */

/* Begin PBXProject section */
		527F6BFB24193AAD0023F0C3 /* Project object */ = {
			isa = PBXProject;
			attributes = {
				LastSwiftUpdateCheck = 1130;
				LastUpgradeCheck = 1130;
				ORGANIZATIONNAME = "Macbook pro";
				TargetAttributes = {
					527F6C0224193AAD0023F0C3 = {
						CreatedOnToolsVersion = 11.3.1;
					};
				};
			};
			buildConfigurationList = 527F6BFE24193AAD0023F0C3 /* Build configuration list for PBXProject "Roomy" */;
			compatibilityVersion = "Xcode 9.3";
			developmentRegion = en;
			hasScannedForEncodings = 0;
			knownRegions = (
				en,
				Base,
			);
			mainGroup = 527F6BFA24193AAD0023F0C3;
			productRefGroup = 527F6C0424193AAD0023F0C3 /* Products */;
			projectDirPath = "";
			projectRoot = "";
			targets = (
				527F6C0224193AAD0023F0C3 /* Roomy */,
			);
		};
/* End PBXProject section */

/* Begin PBXResourcesBuildPhase section */
		527F6C0124193AAD0023F0C3 /* Resources */ = {
			isa = PBXResourcesBuildPhase;
			buildActionMask = 2147483647;
			files = (
				52B9D8BF244F802B00F2E553 /* Main.storyboard in Resources */,
				527F6C1324193AAE0023F0C3 /* LaunchScreen.storyboard in Resources */,
				527F6C1024193AAE0023F0C3 /* Assets.xcassets in Resources */,
			);
			runOnlyForDeploymentPostprocessing = 0;
		};
/* End PBXResourcesBuildPhase section */

/* Begin PBXShellScriptBuildPhase section */
		66D9EA76668D374274A69A65 /* [CP] Embed Pods Frameworks */ = {
			isa = PBXShellScriptBuildPhase;
			buildActionMask = 2147483647;
			files = (
			);
			inputFileListPaths = (
				"${PODS_ROOT}/Target Support Files/Pods-Roomy/Pods-Roomy-frameworks-${CONFIGURATION}-input-files.xcfilelist",
			);
			name = "[CP] Embed Pods Frameworks";
			outputFileListPaths = (
				"${PODS_ROOT}/Target Support Files/Pods-Roomy/Pods-Roomy-frameworks-${CONFIGURATION}-output-files.xcfilelist",
			);
			runOnlyForDeploymentPostprocessing = 0;
			shellPath = /bin/sh;
			shellScript = "\"${PODS_ROOT}/Target Support Files/Pods-Roomy/Pods-Roomy-frameworks.sh\"\n";
			showEnvVarsInLog = 0;
		};
		A29A6CD752B333B614363639 /* [CP] Check Pods Manifest.lock */ = {
			isa = PBXShellScriptBuildPhase;
			buildActionMask = 2147483647;
			files = (
			);
			inputFileListPaths = (
			);
			inputPaths = (
				"${PODS_PODFILE_DIR_PATH}/Podfile.lock",
				"${PODS_ROOT}/Manifest.lock",
			);
			name = "[CP] Check Pods Manifest.lock";
			outputFileListPaths = (
			);
			outputPaths = (
				"$(DERIVED_FILE_DIR)/Pods-Roomy-checkManifestLockResult.txt",
			);
			runOnlyForDeploymentPostprocessing = 0;
			shellPath = /bin/sh;
			shellScript = "diff \"${PODS_PODFILE_DIR_PATH}/Podfile.lock\" \"${PODS_ROOT}/Manifest.lock\" > /dev/null\nif [ $? != 0 ] ; then\n    # print error to STDERR\n    echo \"error: The sandbox is not in sync with the Podfile.lock. Run 'pod install' or update your CocoaPods installation.\" >&2\n    exit 1\nfi\n# This output is used by Xcode 'outputs' to avoid re-running this script phase.\necho \"SUCCESS\" > \"${SCRIPT_OUTPUT_FILE_0}\"\n";
			showEnvVarsInLog = 0;
		};
/* End PBXShellScriptBuildPhase section */

/* Begin PBXSourcesBuildPhase section */
		527F6BFF24193AAD0023F0C3 /* Sources */ = {
			isa = PBXSourcesBuildPhase;
			buildActionMask = 2147483647;
			files = (
				523D79B5248D4CA00074ECDC /* SignUpPresenter.swift in Sources */,
				523D79B8248D5CF50074ECDC /* SignInPresesnter.swift in Sources */,
				5295E53724389795003F9C24 /* SignInVC.swift in Sources */,
				527F6C0B24193AAD0023F0C3 /* FeatchRoomsVC.swift in Sources */,
				523D79C1248D71070074ECDC /* FeatchRoomsPresenter.swift in Sources */,
				527D12C0244E433D005A46EB /* MyCustom+Extintions.swift in Sources */,
				523D79BE248D69170074ECDC /* DetailedRoomPresenter.swift in Sources */,
				52215D9424749890008C0655 /* FacebookManger.swift in Sources */,
				527D12BE244E375B005A46EB /* RealmManager.swift in Sources */,
				52DCEA5B24522639002F429C /* DetailedRoom.swift in Sources */,
				52DC6107244E02CA00AC6833 /* Room.swift in Sources */,
				527F6C0724193AAD0023F0C3 /* AppDelegate.swift in Sources */,
				52534448246B60F30009411B /* KeyChain.swift in Sources */,
				52DCEA572451FF30002F429C /* CheckingVC.swift in Sources */,
				52DCEA59245217E3002F429C /* AddRoomVC.swift in Sources */,
				523AFEBC244DF4C600AB8639 /* RoomsRouter.swift in Sources */,
				52B9D8BD244F6B1F00F2E553 /* RoomCell.swift in Sources */,
				523D79BB248D65460074ECDC /* AddRoomPresenter.swift in Sources */,
				523AFEBE244DF4D800AB8639 /* RoomsRequest.swift in Sources */,
				523D79B2248D39B00074ECDC /* CheckingPresenter.swift in Sources */,
				5295E5392438E973003F9C24 /* SignUpVC.swift in Sources */,
				527F6C0924193AAD0023F0C3 /* SceneDelegate.swift in Sources */,
			);
			runOnlyForDeploymentPostprocessing = 0;
		};
/* End PBXSourcesBuildPhase section */

/* Begin PBXVariantGroup section */
		527F6C1124193AAE0023F0C3 /* LaunchScreen.storyboard */ = {
			isa = PBXVariantGroup;
			children = (
				527F6C1224193AAE0023F0C3 /* Base */,
			);
			name = LaunchScreen.storyboard;
			sourceTree = "<group>";
		};
/* End PBXVariantGroup section */

/* Begin XCBuildConfiguration section */
		527F6C1524193AAE0023F0C3 /* Debug */ = {
			isa = XCBuildConfiguration;
			buildSettings = {
				ALWAYS_SEARCH_USER_PATHS = NO;
				CLANG_ANALYZER_NONNULL = YES;
				CLANG_ANALYZER_NUMBER_OBJECT_CONVERSION = YES_AGGRESSIVE;
				CLANG_CXX_LANGUAGE_STANDARD = "gnu++14";
				CLANG_CXX_LIBRARY = "libc++";
				CLANG_ENABLE_MODULES = YES;
				CLANG_ENABLE_OBJC_ARC = YES;
				CLANG_ENABLE_OBJC_WEAK = YES;
				CLANG_WARN_BLOCK_CAPTURE_AUTORELEASING = YES;
				CLANG_WARN_BOOL_CONVERSION = YES;
				CLANG_WARN_COMMA = YES;
				CLANG_WARN_CONSTANT_CONVERSION = YES;
				CLANG_WARN_DEPRECATED_OBJC_IMPLEMENTATIONS = YES;
				CLANG_WARN_DIRECT_OBJC_ISA_USAGE = YES_ERROR;
				CLANG_WARN_DOCUMENTATION_COMMENTS = YES;
				CLANG_WARN_EMPTY_BODY = YES;
				CLANG_WARN_ENUM_CONVERSION = YES;
				CLANG_WARN_INFINITE_RECURSION = YES;
				CLANG_WARN_INT_CONVERSION = YES;
				CLANG_WARN_NON_LITERAL_NULL_CONVERSION = YES;
				CLANG_WARN_OBJC_IMPLICIT_RETAIN_SELF = YES;
				CLANG_WARN_OBJC_LITERAL_CONVERSION = YES;
				CLANG_WARN_OBJC_ROOT_CLASS = YES_ERROR;
				CLANG_WARN_RANGE_LOOP_ANALYSIS = YES;
				CLANG_WARN_STRICT_PROTOTYPES = YES;
				CLANG_WARN_SUSPICIOUS_MOVE = YES;
				CLANG_WARN_UNGUARDED_AVAILABILITY = YES_AGGRESSIVE;
				CLANG_WARN_UNREACHABLE_CODE = YES;
				CLANG_WARN__DUPLICATE_METHOD_MATCH = YES;
				COPY_PHASE_STRIP = NO;
				DEBUG_INFORMATION_FORMAT = dwarf;
				ENABLE_STRICT_OBJC_MSGSEND = YES;
				ENABLE_TESTABILITY = YES;
				GCC_C_LANGUAGE_STANDARD = gnu11;
				GCC_DYNAMIC_NO_PIC = NO;
				GCC_NO_COMMON_BLOCKS = YES;
				GCC_OPTIMIZATION_LEVEL = 0;
				GCC_PREPROCESSOR_DEFINITIONS = (
					"DEBUG=1",
					"$(inherited)",
				);
				GCC_WARN_64_TO_32_BIT_CONVERSION = YES;
				GCC_WARN_ABOUT_RETURN_TYPE = YES_ERROR;
				GCC_WARN_UNDECLARED_SELECTOR = YES;
				GCC_WARN_UNINITIALIZED_AUTOS = YES_AGGRESSIVE;
				GCC_WARN_UNUSED_FUNCTION = YES;
				GCC_WARN_UNUSED_VARIABLE = YES;
				IPHONEOS_DEPLOYMENT_TARGET = 13.2;
				MTL_ENABLE_DEBUG_INFO = INCLUDE_SOURCE;
				MTL_FAST_MATH = YES;
				ONLY_ACTIVE_ARCH = YES;
				SDKROOT = iphoneos;
				SWIFT_ACTIVE_COMPILATION_CONDITIONS = DEBUG;
				SWIFT_OPTIMIZATION_LEVEL = "-Onone";
			};
			name = Debug;
		};
		527F6C1624193AAE0023F0C3 /* Release */ = {
			isa = XCBuildConfiguration;
			buildSettings = {
				ALWAYS_SEARCH_USER_PATHS = NO;
				CLANG_ANALYZER_NONNULL = YES;
				CLANG_ANALYZER_NUMBER_OBJECT_CONVERSION = YES_AGGRESSIVE;
				CLANG_CXX_LANGUAGE_STANDARD = "gnu++14";
				CLANG_CXX_LIBRARY = "libc++";
				CLANG_ENABLE_MODULES = YES;
				CLANG_ENABLE_OBJC_ARC = YES;
				CLANG_ENABLE_OBJC_WEAK = YES;
				CLANG_WARN_BLOCK_CAPTURE_AUTORELEASING = YES;
				CLANG_WARN_BOOL_CONVERSION = YES;
				CLANG_WARN_COMMA = YES;
				CLANG_WARN_CONSTANT_CONVERSION = YES;
				CLANG_WARN_DEPRECATED_OBJC_IMPLEMENTATIONS = YES;
				CLANG_WARN_DIRECT_OBJC_ISA_USAGE = YES_ERROR;
				CLANG_WARN_DOCUMENTATION_COMMENTS = YES;
				CLANG_WARN_EMPTY_BODY = YES;
				CLANG_WARN_ENUM_CONVERSION = YES;
				CLANG_WARN_INFINITE_RECURSION = YES;
				CLANG_WARN_INT_CONVERSION = YES;
				CLANG_WARN_NON_LITERAL_NULL_CONVERSION = YES;
				CLANG_WARN_OBJC_IMPLICIT_RETAIN_SELF = YES;
				CLANG_WARN_OBJC_LITERAL_CONVERSION = YES;
				CLANG_WARN_OBJC_ROOT_CLASS = YES_ERROR;
				CLANG_WARN_RANGE_LOOP_ANALYSIS = YES;
				CLANG_WARN_STRICT_PROTOTYPES = YES;
				CLANG_WARN_SUSPICIOUS_MOVE = YES;
				CLANG_WARN_UNGUARDED_AVAILABILITY = YES_AGGRESSIVE;
				CLANG_WARN_UNREACHABLE_CODE = YES;
				CLANG_WARN__DUPLICATE_METHOD_MATCH = YES;
				COPY_PHASE_STRIP = NO;
				DEBUG_INFORMATION_FORMAT = "dwarf-with-dsym";
				ENABLE_NS_ASSERTIONS = NO;
				ENABLE_STRICT_OBJC_MSGSEND = YES;
				GCC_C_LANGUAGE_STANDARD = gnu11;
				GCC_NO_COMMON_BLOCKS = YES;
				GCC_WARN_64_TO_32_BIT_CONVERSION = YES;
				GCC_WARN_ABOUT_RETURN_TYPE = YES_ERROR;
				GCC_WARN_UNDECLARED_SELECTOR = YES;
				GCC_WARN_UNINITIALIZED_AUTOS = YES_AGGRESSIVE;
				GCC_WARN_UNUSED_FUNCTION = YES;
				GCC_WARN_UNUSED_VARIABLE = YES;
				IPHONEOS_DEPLOYMENT_TARGET = 13.2;
				MTL_ENABLE_DEBUG_INFO = NO;
				MTL_FAST_MATH = YES;
				SDKROOT = iphoneos;
				SWIFT_COMPILATION_MODE = wholemodule;
				SWIFT_OPTIMIZATION_LEVEL = "-O";
				VALIDATE_PRODUCT = YES;
			};
			name = Release;
		};
		527F6C1824193AAE0023F0C3 /* Debug */ = {
			isa = XCBuildConfiguration;
			baseConfigurationReference = 8B83B2FE7A7F497A8C415FEF /* Pods-Roomy.debug.xcconfig */;
			buildSettings = {
				ASSETCATALOG_COMPILER_APPICON_NAME = AppIcon;
				CODE_SIGN_STYLE = Automatic;
				DEVELOPMENT_TEAM = 67S6R633P7;
				INFOPLIST_FILE = Roomy/Info.plist;
				IPHONEOS_DEPLOYMENT_TARGET = 12.0;
				LD_RUNPATH_SEARCH_PATHS = (
					"$(inherited)",
					"@executable_path/Frameworks",
				);
				PRODUCT_BUNDLE_IDENTIFIER = "project-1.Roomy";
				PRODUCT_NAME = "$(TARGET_NAME)";
				SWIFT_VERSION = 5.0;
				TARGETED_DEVICE_FAMILY = "1,2";
			};
			name = Debug;
		};
		527F6C1924193AAE0023F0C3 /* Release */ = {
			isa = XCBuildConfiguration;
			baseConfigurationReference = 8D0891B5011093A46BF971E2 /* Pods-Roomy.release.xcconfig */;
			buildSettings = {
				ASSETCATALOG_COMPILER_APPICON_NAME = AppIcon;
				CODE_SIGN_STYLE = Automatic;
				DEVELOPMENT_TEAM = 67S6R633P7;
				INFOPLIST_FILE = Roomy/Info.plist;
				IPHONEOS_DEPLOYMENT_TARGET = 12.0;
				LD_RUNPATH_SEARCH_PATHS = (
					"$(inherited)",
					"@executable_path/Frameworks",
				);
				PRODUCT_BUNDLE_IDENTIFIER = "project-1.Roomy";
				PRODUCT_NAME = "$(TARGET_NAME)";
				SWIFT_VERSION = 5.0;
				TARGETED_DEVICE_FAMILY = "1,2";
			};
			name = Release;
		};
/* End XCBuildConfiguration section */

/* Begin XCConfigurationList section */
		527F6BFE24193AAD0023F0C3 /* Build configuration list for PBXProject "Roomy" */ = {
			isa = XCConfigurationList;
			buildConfigurations = (
				527F6C1524193AAE0023F0C3 /* Debug */,
				527F6C1624193AAE0023F0C3 /* Release */,
			);
			defaultConfigurationIsVisible = 0;
			defaultConfigurationName = Release;
		};
		527F6C1724193AAE0023F0C3 /* Build configuration list for PBXNativeTarget "Roomy" */ = {
			isa = XCConfigurationList;
			buildConfigurations = (
				527F6C1824193AAE0023F0C3 /* Debug */,
				527F6C1924193AAE0023F0C3 /* Release */,
			);
			defaultConfigurationIsVisible = 0;
			defaultConfigurationName = Release;
		};
/* End XCConfigurationList section */
	};
	rootObject = 527F6BFB24193AAD0023F0C3 /* Project object */;
}
